
Microsoft Visual Studio Solution File, Format Version 12.00
# Visual Studio Version 16
VisualStudioVersion = 16.0.31515.178
MinimumVisualStudioVersion = 10.0.40219.1
Project("{FAE04EC0-301F-11D3-BF4B-00C04F79EFBC}") = "IsolatedFunctionAuth", "IsolatedFunctionAuth\IsolatedFunctionAuth.csproj", "{507778F4-B446-48CE-8D1F-1375961C4DE2}"
EndProject
Global
	GlobalSection(SolutionConfigurationPlatforms) = preSolution
		Debug|Any CPU = Debug|Any CPU
		Release|Any CPU = Release|Any CPU
	EndGlobalSection
	GlobalSection(ProjectConfigurationPlatforms) = postSolution
		{507778F4-B446-48CE-8D1F-1375961C4DE2}.Debug|Any CPU.ActiveCfg = Debug|Any CPU
		{507778F4-B446-48CE-8D1F-1375961C4DE2}.Debug|Any CPU.Build.0 = Debug|Any CPU
		{507778F4-B446-48CE-8D1F-1375961C4DE2}.Release|Any CPU.ActiveCfg = Release|Any CPU
		{507778F4-B446-48CE-8D1F-1375961C4DE2}.Release|Any CPU.Build.0 = Release|Any CPU
	EndGlobalSection
	GlobalSection(SolutionProperties) = preSolution
		HideSolutionNode = FALSE
	EndGlobalSection
	GlobalSection(ExtensibilityGlobals) = postSolution
		SolutionGuid = {3A864DB8-DEF8-457A-8827-DA433718548E}
	EndGlobalSection
EndGlobal
